
Microsoft Visual Studio Solution File, Format Version 12.00
# Visual Studio Version 17
VisualStudioVersion = 17.2.32630.192
MinimumVisualStudioVersion = 10.0.40219.1
Project("{9A19103F-16F7-4668-BE54-9A1E7A4F7556}") = "CTK", "CTK.csproj", "{2EB131F1-17AD-4E13-818A-3859B870EA3D}"
EndProject
Project("{FAE04EC0-301F-11D3-BF4B-00C04F79EFBC}") = "AutoCompleteUtils", "..\AutoCompleteUtils\AutoCompleteUtils.csproj", "{70396EDE-41C1-4EFD-8D55-19EC47551EF4}"
EndProject
Project("{FAE04EC0-301F-11D3-BF4B-00C04F79EFBC}") = "ConsoleUtils", "..\ConsoleUtils\ConsoleUtils.csproj", "{CA7007AE-90F5-4351-92E5-BAA345812E37}"
EndProject
Project("{FAE04EC0-301F-11D3-BF4B-00C04F79EFBC}") = "Tools", "..\Tools\Tools.csproj", "{8DC28262-A535-4D9A-AC35-FE591C3D4F09}"
EndProject
Project("{FAE04EC0-301F-11D3-BF4B-00C04F79EFBC}") = "Base", "..\Base\Base.csproj", "{0D35CB7E-0F52-4DDA-9C93-A90FE7ED890B}"
EndProject
Global
	GlobalSection(SolutionConfigurationPlatforms) = preSolution
		Debug|Any CPU = Debug|Any CPU
		Release|Any CPU = Release|Any CPU
	EndGlobalSection
	GlobalSection(ProjectConfigurationPlatforms) = postSolution
		{2EB131F1-17AD-4E13-818A-3859B870EA3D}.Debug|Any CPU.ActiveCfg = Debug|Any CPU
		{2EB131F1-17AD-4E13-818A-3859B870EA3D}.Debug|Any CPU.Build.0 = Debug|Any CPU
		{2EB131F1-17AD-4E13-818A-3859B870EA3D}.Release|Any CPU.ActiveCfg = Release|Any CPU
		{2EB131F1-17AD-4E13-818A-3859B870EA3D}.Release|Any CPU.Build.0 = Release|Any CPU
		{70396EDE-41C1-4EFD-8D55-19EC47551EF4}.Debug|Any CPU.ActiveCfg = Debug|Any CPU
		{70396EDE-41C1-4EFD-8D55-19EC47551EF4}.Debug|Any CPU.Build.0 = Debug|Any CPU
		{70396EDE-41C1-4EFD-8D55-19EC47551EF4}.Release|Any CPU.ActiveCfg = Release|Any CPU
		{70396EDE-41C1-4EFD-8D55-19EC47551EF4}.Release|Any CPU.Build.0 = Release|Any CPU
		{CA7007AE-90F5-4351-92E5-BAA345812E37}.Debug|Any CPU.ActiveCfg = Debug|Any CPU
		{CA7007AE-90F5-4351-92E5-BAA345812E37}.Debug|Any CPU.Build.0 = Debug|Any CPU
		{CA7007AE-90F5-4351-92E5-BAA345812E37}.Release|Any CPU.ActiveCfg = Release|Any CPU
		{CA7007AE-90F5-4351-92E5-BAA345812E37}.Release|Any CPU.Build.0 = Release|Any CPU
		{8DC28262-A535-4D9A-AC35-FE591C3D4F09}.Debug|Any CPU.ActiveCfg = Debug|Any CPU
		{8DC28262-A535-4D9A-AC35-FE591C3D4F09}.Debug|Any CPU.Build.0 = Debug|Any CPU
		{8DC28262-A535-4D9A-AC35-FE591C3D4F09}.Release|Any CPU.ActiveCfg = Release|Any CPU
		{8DC28262-A535-4D9A-AC35-FE591C3D4F09}.Release|Any CPU.Build.0 = Release|Any CPU
		{0D35CB7E-0F52-4DDA-9C93-A90FE7ED890B}.Debug|Any CPU.ActiveCfg = Debug|Any CPU
		{0D35CB7E-0F52-4DDA-9C93-A90FE7ED890B}.Debug|Any CPU.Build.0 = Debug|Any CPU
		{0D35CB7E-0F52-4DDA-9C93-A90FE7ED890B}.Release|Any CPU.ActiveCfg = Release|Any CPU
		{0D35CB7E-0F52-4DDA-9C93-A90FE7ED890B}.Release|Any CPU.Build.0 = Release|Any CPU
	EndGlobalSection
	GlobalSection(SolutionProperties) = preSolution
		HideSolutionNode = FALSE
	EndGlobalSection
	GlobalSection(ExtensibilityGlobals) = postSolution
		SolutionGuid = {B0DC5B7A-931E-41A7-9860-148D99CFDD05}
	EndGlobalSection
EndGlobal
