
Microsoft Visual Studio Solution File, Format Version 12.00
# Visual Studio Version 17
VisualStudioVersion = 17.2.32630.192
MinimumVisualStudioVersion = 10.0.40219.1
Project("{FAE04EC0-301F-11D3-BF4B-00C04F79EFBC}") = "CMDToolKit", "CMDToolKit.csproj", "{2EB131F1-17AD-4E13-818A-3859B870EA3D}"
EndProject
Global
	GlobalSection(SolutionConfigurationPlatforms) = preSolution
		Debug|Any CPU = Debug|Any CPU
		Release|Any CPU = Release|Any CPU
	EndGlobalSection
	GlobalSection(ProjectConfigurationPlatforms) = postSolution
		{2EB131F1-17AD-4E13-818A-3859B870EA3D}.Debug|Any CPU.ActiveCfg = Debug|Any CPU
		{2EB131F1-17AD-4E13-818A-3859B870EA3D}.Debug|Any CPU.Build.0 = Debug|Any CPU
		{2EB131F1-17AD-4E13-818A-3859B870EA3D}.Release|Any CPU.ActiveCfg = Release|Any CPU
		{2EB131F1-17AD-4E13-818A-3859B870EA3D}.Release|Any CPU.Build.0 = Release|Any CPU
	EndGlobalSection
	GlobalSection(SolutionProperties) = preSolution
		HideSolutionNode = FALSE
	EndGlobalSection
	GlobalSection(ExtensibilityGlobals) = postSolution
		SolutionGuid = {B0DC5B7A-931E-41A7-9860-148D99CFDD05}
	EndGlobalSection
EndGlobal
